<Solution>
  <Project Path="DeserializeObjectFromStringThatIsAnByteArray.Tests/DeserializeObjectFromStringThatIsAnByteArray.Tests.csproj" />
  <Project Path="PluginDesign/PluginDesign.csproj" />
  <Project Path="DeserializeObjectFromStringThatIsAnByteArray/DeserializeObjectFromStringThatIsAnByteArray.csproj" />
</Solution>
