
Microsoft Visual Studio Solution File, Format Version 12.00
# Visual Studio 15
VisualStudioVersion = 15.0.27428.2043
MinimumVisualStudioVersion = 10.0.40219.1
Project("{FAE04EC0-301F-11D3-BF4B-00C04F79EFBC}") = "DeserializeJsonToDynamic", "DeserializeJsonToDynamic.csproj", "{90E8260D-B2AB-461C-937F-D33B85180655}"
EndProject
Global
	GlobalSection(SolutionConfigurationPlatforms) = preSolution
		Debug|Any CPU = Debug|Any CPU
		Release|Any CPU = Release|Any CPU
	EndGlobalSection
	GlobalSection(ProjectConfigurationPlatforms) = postSolution
		{90E8260D-B2AB-461C-937F-D33B85180655}.Debug|Any CPU.ActiveCfg = Debug|Any CPU
		{90E8260D-B2AB-461C-937F-D33B85180655}.Debug|Any CPU.Build.0 = Debug|Any CPU
		{90E8260D-B2AB-461C-937F-D33B85180655}.Release|Any CPU.ActiveCfg = Release|Any CPU
		{90E8260D-B2AB-461C-937F-D33B85180655}.Release|Any CPU.Build.0 = Release|Any CPU
	EndGlobalSection
	GlobalSection(SolutionProperties) = preSolution
		HideSolutionNode = FALSE
	EndGlobalSection
	GlobalSection(ExtensibilityGlobals) = postSolution
		SolutionGuid = {3F923994-A863-44B6-9ABA-3FDBE6A591E7}
	EndGlobalSection
EndGlobal
